
Microsoft Visual Studio Solution File, Format Version 12.00
# Visual Studio 15
VisualStudioVersion = 15.0.26124.0
MinimumVisualStudioVersion = 15.0.26124.0
Project("{F2A71F9B-5D33-465A-A702-920D77279786}") = "DOSP.P4.Client", "DOSP.P4.Client\DOSP.P4.Client.fsproj", "{C17BB7BD-5378-470F-A9E2-25DFDDA6B079}"
EndProject
Project("{F2A71F9B-5D33-465A-A702-920D77279786}") = "DOSP.P4.Common", "DOSP.P4.Common\DOSP.P4.Common.fsproj", "{6D9E0BC0-4E6A-4D13-8EAC-5BA36F68AD14}"
EndProject
Project("{F2A71F9B-5D33-465A-A702-920D77279786}") = "DOSP.P4.Server", "DOSP.P4.Server\DOSP.P4.Server.fsproj", "{F08A8734-1AF8-4347-AF49-712501EAC2D4}"
EndProject
Global
	GlobalSection(SolutionConfigurationPlatforms) = preSolution
		Debug|Any CPU = Debug|Any CPU
		Debug|x64 = Debug|x64
		Debug|x86 = Debug|x86
		Release|Any CPU = Release|Any CPU
		Release|x64 = Release|x64
		Release|x86 = Release|x86
	EndGlobalSection
	GlobalSection(SolutionProperties) = preSolution
		HideSolutionNode = FALSE
	EndGlobalSection
	GlobalSection(ProjectConfigurationPlatforms) = postSolution
		{C17BB7BD-5378-470F-A9E2-25DFDDA6B079}.Debug|Any CPU.ActiveCfg = Debug|Any CPU
		{C17BB7BD-5378-470F-A9E2-25DFDDA6B079}.Debug|Any CPU.Build.0 = Debug|Any CPU
		{C17BB7BD-5378-470F-A9E2-25DFDDA6B079}.Debug|x64.ActiveCfg = Debug|Any CPU
		{C17BB7BD-5378-470F-A9E2-25DFDDA6B079}.Debug|x64.Build.0 = Debug|Any CPU
		{C17BB7BD-5378-470F-A9E2-25DFDDA6B079}.Debug|x86.ActiveCfg = Debug|Any CPU
		{C17BB7BD-5378-470F-A9E2-25DFDDA6B079}.Debug|x86.Build.0 = Debug|Any CPU
		{C17BB7BD-5378-470F-A9E2-25DFDDA6B079}.Release|Any CPU.ActiveCfg = Release|Any CPU
		{C17BB7BD-5378-470F-A9E2-25DFDDA6B079}.Release|Any CPU.Build.0 = Release|Any CPU
		{C17BB7BD-5378-470F-A9E2-25DFDDA6B079}.Release|x64.ActiveCfg = Release|Any CPU
		{C17BB7BD-5378-470F-A9E2-25DFDDA6B079}.Release|x64.Build.0 = Release|Any CPU
		{C17BB7BD-5378-470F-A9E2-25DFDDA6B079}.Release|x86.ActiveCfg = Release|Any CPU
		{C17BB7BD-5378-470F-A9E2-25DFDDA6B079}.Release|x86.Build.0 = Release|Any CPU
		{6D9E0BC0-4E6A-4D13-8EAC-5BA36F68AD14}.Debug|Any CPU.ActiveCfg = Debug|Any CPU
		{6D9E0BC0-4E6A-4D13-8EAC-5BA36F68AD14}.Debug|Any CPU.Build.0 = Debug|Any CPU
		{6D9E0BC0-4E6A-4D13-8EAC-5BA36F68AD14}.Debug|x64.ActiveCfg = Debug|Any CPU
		{6D9E0BC0-4E6A-4D13-8EAC-5BA36F68AD14}.Debug|x64.Build.0 = Debug|Any CPU
		{6D9E0BC0-4E6A-4D13-8EAC-5BA36F68AD14}.Debug|x86.ActiveCfg = Debug|Any CPU
		{6D9E0BC0-4E6A-4D13-8EAC-5BA36F68AD14}.Debug|x86.Build.0 = Debug|Any CPU
		{6D9E0BC0-4E6A-4D13-8EAC-5BA36F68AD14}.Release|Any CPU.ActiveCfg = Release|Any CPU
		{6D9E0BC0-4E6A-4D13-8EAC-5BA36F68AD14}.Release|Any CPU.Build.0 = Release|Any CPU
		{6D9E0BC0-4E6A-4D13-8EAC-5BA36F68AD14}.Release|x64.ActiveCfg = Release|Any CPU
		{6D9E0BC0-4E6A-4D13-8EAC-5BA36F68AD14}.Release|x64.Build.0 = Release|Any CPU
		{6D9E0BC0-4E6A-4D13-8EAC-5BA36F68AD14}.Release|x86.ActiveCfg = Release|Any CPU
		{6D9E0BC0-4E6A-4D13-8EAC-5BA36F68AD14}.Release|x86.Build.0 = Release|Any CPU
		{F08A8734-1AF8-4347-AF49-712501EAC2D4}.Debug|Any CPU.ActiveCfg = Debug|Any CPU
		{F08A8734-1AF8-4347-AF49-712501EAC2D4}.Debug|Any CPU.Build.0 = Debug|Any CPU
		{F08A8734-1AF8-4347-AF49-712501EAC2D4}.Debug|x64.ActiveCfg = Debug|Any CPU
		{F08A8734-1AF8-4347-AF49-712501EAC2D4}.Debug|x64.Build.0 = Debug|Any CPU
		{F08A8734-1AF8-4347-AF49-712501EAC2D4}.Debug|x86.ActiveCfg = Debug|Any CPU
		{F08A8734-1AF8-4347-AF49-712501EAC2D4}.Debug|x86.Build.0 = Debug|Any CPU
		{F08A8734-1AF8-4347-AF49-712501EAC2D4}.Release|Any CPU.ActiveCfg = Release|Any CPU
		{F08A8734-1AF8-4347-AF49-712501EAC2D4}.Release|Any CPU.Build.0 = Release|Any CPU
		{F08A8734-1AF8-4347-AF49-712501EAC2D4}.Release|x64.ActiveCfg = Release|Any CPU
		{F08A8734-1AF8-4347-AF49-712501EAC2D4}.Release|x64.Build.0 = Release|Any CPU
		{F08A8734-1AF8-4347-AF49-712501EAC2D4}.Release|x86.ActiveCfg = Release|Any CPU
		{F08A8734-1AF8-4347-AF49-712501EAC2D4}.Release|x86.Build.0 = Release|Any CPU
	EndGlobalSection
EndGlobal
